
Microsoft Visual Studio Solution File, Format Version 12.00
# Visual Studio 15
VisualStudioVersion = 15.0.28010.2036
MinimumVisualStudioVersion = 10.0.40219.1
Project("{FAE04EC0-301F-11D3-BF4B-00C04F79EFBC}") = "DrawingToolkit", "DrawingToolkit\DrawingToolkit.csproj", "{1B81BE73-BC77-4943-ABA8-B7F43DC6C28D}"
EndProject
Global
	GlobalSection(SolutionConfigurationPlatforms) = preSolution
		Debug|Any CPU = Debug|Any CPU
		Release|Any CPU = Release|Any CPU
	EndGlobalSection
	GlobalSection(ProjectConfigurationPlatforms) = postSolution
		{1B81BE73-BC77-4943-ABA8-B7F43DC6C28D}.Debug|Any CPU.ActiveCfg = Debug|Any CPU
		{1B81BE73-BC77-4943-ABA8-B7F43DC6C28D}.Debug|Any CPU.Build.0 = Debug|Any CPU
		{1B81BE73-BC77-4943-ABA8-B7F43DC6C28D}.Release|Any CPU.ActiveCfg = Release|Any CPU
		{1B81BE73-BC77-4943-ABA8-B7F43DC6C28D}.Release|Any CPU.Build.0 = Release|Any CPU
	EndGlobalSection
	GlobalSection(SolutionProperties) = preSolution
		HideSolutionNode = FALSE
	EndGlobalSection
	GlobalSection(ExtensibilityGlobals) = postSolution
		SolutionGuid = {BD2AD2B1-EF18-4A8C-9F8E-42ABA7F40599}
	EndGlobalSection
EndGlobal
